
Microsoft Visual Studio Solution File, Format Version 12.00
# Visual Studio Version 17
VisualStudioVersion = 17.2.32616.157
MinimumVisualStudioVersion = 10.0.40219.1
Project("{8BC9CEB8-8B4A-11D0-8D11-00A0C91BC942}") = "FourierTransform", "FourierTransform.vcxproj", "{72FE7C0B-8BC6-4992-A37C-1D3A6A459745}"
EndProject
Project("{8BC9CEB8-8B4A-11D0-8D11-00A0C91BC942}") = "FourierTransformUnitTests", "..\FourierTransformUnitTests\FourierTransformUnitTests.vcxproj", "{A275D2BC-6BBE-4E47-80A3-18B94079E893}"
EndProject
Global
	GlobalSection(SolutionConfigurationPlatforms) = preSolution
		Debug|x64 = Debug|x64
		Debug|x86 = Debug|x86
		Release|x64 = Release|x64
		Release|x86 = Release|x86
	EndGlobalSection
	GlobalSection(ProjectConfigurationPlatforms) = postSolution
		{72FE7C0B-8BC6-4992-A37C-1D3A6A459745}.Debug|x64.ActiveCfg = Debug|x64
		{72FE7C0B-8BC6-4992-A37C-1D3A6A459745}.Debug|x64.Build.0 = Debug|x64
		{72FE7C0B-8BC6-4992-A37C-1D3A6A459745}.Debug|x86.ActiveCfg = Debug|Win32
		{72FE7C0B-8BC6-4992-A37C-1D3A6A459745}.Debug|x86.Build.0 = Debug|Win32
		{72FE7C0B-8BC6-4992-A37C-1D3A6A459745}.Release|x64.ActiveCfg = Release|x64
		{72FE7C0B-8BC6-4992-A37C-1D3A6A459745}.Release|x64.Build.0 = Release|x64
		{72FE7C0B-8BC6-4992-A37C-1D3A6A459745}.Release|x86.ActiveCfg = Release|Win32
		{72FE7C0B-8BC6-4992-A37C-1D3A6A459745}.Release|x86.Build.0 = Release|Win32
		{A275D2BC-6BBE-4E47-80A3-18B94079E893}.Debug|x64.ActiveCfg = Debug|x64
		{A275D2BC-6BBE-4E47-80A3-18B94079E893}.Debug|x64.Build.0 = Debug|x64
		{A275D2BC-6BBE-4E47-80A3-18B94079E893}.Debug|x86.ActiveCfg = Debug|Win32
		{A275D2BC-6BBE-4E47-80A3-18B94079E893}.Debug|x86.Build.0 = Debug|Win32
		{A275D2BC-6BBE-4E47-80A3-18B94079E893}.Release|x64.ActiveCfg = Release|x64
		{A275D2BC-6BBE-4E47-80A3-18B94079E893}.Release|x64.Build.0 = Release|x64
		{A275D2BC-6BBE-4E47-80A3-18B94079E893}.Release|x86.ActiveCfg = Release|Win32
		{A275D2BC-6BBE-4E47-80A3-18B94079E893}.Release|x86.Build.0 = Release|Win32
	EndGlobalSection
	GlobalSection(SolutionProperties) = preSolution
		HideSolutionNode = FALSE
	EndGlobalSection
	GlobalSection(ExtensibilityGlobals) = postSolution
		SolutionGuid = {C3F1D816-F792-47EE-B158-015FA0FEDC33}
	EndGlobalSection
EndGlobal
